
Microsoft Visual Studio Solution File, Format Version 12.00
# Visual Studio Version 16
VisualStudioVersion = 16.0.31112.23
MinimumVisualStudioVersion = 10.0.40219.1
Project("{FAE04EC0-301F-11D3-BF4B-00C04F79EFBC}") = "AllGitCommitId", "AllGitCommitId\AllGitCommitId.csproj", "{D415E75E-2799-4365-982E-D3040E9940B6}"
EndProject
Global
	GlobalSection(SolutionConfigurationPlatforms) = preSolution
		Debug|Any CPU = Debug|Any CPU
		Release|Any CPU = Release|Any CPU
	EndGlobalSection
	GlobalSection(ProjectConfigurationPlatforms) = postSolution
		{D415E75E-2799-4365-982E-D3040E9940B6}.Debug|Any CPU.ActiveCfg = Debug|Any CPU
		{D415E75E-2799-4365-982E-D3040E9940B6}.Debug|Any CPU.Build.0 = Debug|Any CPU
		{D415E75E-2799-4365-982E-D3040E9940B6}.Release|Any CPU.ActiveCfg = Release|Any CPU
		{D415E75E-2799-4365-982E-D3040E9940B6}.Release|Any CPU.Build.0 = Release|Any CPU
	EndGlobalSection
	GlobalSection(SolutionProperties) = preSolution
		HideSolutionNode = FALSE
	EndGlobalSection
	GlobalSection(ExtensibilityGlobals) = postSolution
		SolutionGuid = {93B9C0C0-C4ED-4140-9F0E-F0FD06B8DBB6}
	EndGlobalSection
EndGlobal
